// !$*UTF8*$!
{
	archiveVersion = 1;
	classes = {
	};
	objectVersion = 50;
	objects = {

/* Begin PBXBuildFile section */
		8412728BE3ED1FD3DCCDB798 /* libPods-ReactiveObjCStudy.a in Frameworks */ = {isa = PBXBuildFile; fileRef = 583BE4F95CC7F3D913530713 /* libPods-ReactiveObjCStudy.a */; };
		8FCE969D2384274600802F2E /* AppDelegate.m in Sources */ = {isa = PBXBuildFile; fileRef = 8FCE969C2384274600802F2E /* AppDelegate.m */; };
		8FCE96A02384274600802F2E /* SceneDelegate.m in Sources */ = {isa = PBXBuildFile; fileRef = 8FCE969F2384274600802F2E /* SceneDelegate.m */; };
		8FCE96A32384274600802F2E /* ViewController.m in Sources */ = {isa = PBXBuildFile; fileRef = 8FCE96A22384274600802F2E /* ViewController.m */; };
		8FCE96A62384274700802F2E /* Main.storyboard in Resources */ = {isa = PBXBuildFile; fileRef = 8FCE96A42384274700802F2E /* Main.storyboard */; };
		8FCE96A82384276B00802F2E /* Assets.xcassets in Resources */ = {isa = PBXBuildFile; fileRef = 8FCE96A72384276B00802F2E /* Assets.xcassets */; };
		8FCE96AB2384276B00802F2E /* LaunchScreen.storyboard in Resources */ = {isa = PBXBuildFile; fileRef = 8FCE96A92384276B00802F2E /* LaunchScreen.storyboard */; };
		8FCE96AE2384276B00802F2E /* main.m in Sources */ = {isa = PBXBuildFile; fileRef = 8FCE96AD2384276B00802F2E /* main.m */; };
/* End PBXBuildFile section */

/* Begin PBXFileReference section */
		4ABF30515707DA20B13ACB0F /* Pods-ReactiveObjCStudy.release.xcconfig */ = {isa = PBXFileReference; includeInIndex = 1; lastKnownFileType = text.xcconfig; name = "Pods-ReactiveObjCStudy.release.xcconfig"; path = "Target Support Files/Pods-ReactiveObjCStudy/Pods-ReactiveObjCStudy.release.xcconfig"; sourceTree = "<group>"; };
		583BE4F95CC7F3D913530713 /* libPods-ReactiveObjCStudy.a */ = {isa = PBXFileReference; explicitFileType = archive.ar; includeInIndex = 0; path = "libPods-ReactiveObjCStudy.a"; sourceTree = BUILT_PRODUCTS_DIR; };
		8FCE96982384274600802F2E /* ReactiveObjCStudy.app */ = {isa = PBXFileReference; explicitFileType = wrapper.application; includeInIndex = 0; path = ReactiveObjCStudy.app; sourceTree = BUILT_PRODUCTS_DIR; };
		8FCE969B2384274600802F2E /* AppDelegate.h */ = {isa = PBXFileReference; lastKnownFileType = sourcecode.c.h; path = AppDelegate.h; sourceTree = "<group>"; };
		8FCE969C2384274600802F2E /* AppDelegate.m */ = {isa = PBXFileReference; lastKnownFileType = sourcecode.c.objc; path = AppDelegate.m; sourceTree = "<group>"; };
		8FCE969E2384274600802F2E /* SceneDelegate.h */ = {isa = PBXFileReference; lastKnownFileType = sourcecode.c.h; path = SceneDelegate.h; sourceTree = "<group>"; };
		8FCE969F2384274600802F2E /* SceneDelegate.m */ = {isa = PBXFileReference; lastKnownFileType = sourcecode.c.objc; path = SceneDelegate.m; sourceTree = "<group>"; };
		8FCE96A12384274600802F2E /* ViewController.h */ = {isa = PBXFileReference; lastKnownFileType = sourcecode.c.h; path = ViewController.h; sourceTree = "<group>"; };
		8FCE96A22384274600802F2E /* ViewController.m */ = {isa = PBXFileReference; lastKnownFileType = sourcecode.c.objc; path = ViewController.m; sourceTree = "<group>"; };
		8FCE96A52384274700802F2E /* Base */ = {isa = PBXFileReference; lastKnownFileType = file.storyboard; name = Base; path = Base.lproj/Main.storyboard; sourceTree = "<group>"; };
		8FCE96A72384276B00802F2E /* Assets.xcassets */ = {isa = PBXFileReference; lastKnownFileType = folder.assetcatalog; path = Assets.xcassets; sourceTree = "<group>"; };
		8FCE96AA2384276B00802F2E /* Base */ = {isa = PBXFileReference; lastKnownFileType = file.storyboard; name = Base; path = Base.lproj/LaunchScreen.storyboard; sourceTree = "<group>"; };
		8FCE96AC2384276B00802F2E /* Info.plist */ = {isa = PBXFileReference; lastKnownFileType = text.plist.xml; path = Info.plist; sourceTree = "<group>"; };
		8FCE96AD2384276B00802F2E /* main.m */ = {isa = PBXFileReference; lastKnownFileType = sourcecode.c.objc; path = main.m; sourceTree = "<group>"; };
		B5D2A299CF7FF99D2080B2B2 /* Pods-ReactiveObjCStudy.debug.xcconfig */ = {isa = PBXFileReference; includeInIndex = 1; lastKnownFileType = text.xcconfig; name = "Pods-ReactiveObjCStudy.debug.xcconfig"; path = "Target Support Files/Pods-ReactiveObjCStudy/Pods-ReactiveObjCStudy.debug.xcconfig"; sourceTree = "<group>"; };
/* End PBXFileReference section */

/* Begin PBXFrameworksBuildPhase section */
		8FCE96952384274600802F2E /* Frameworks */ = {
			isa = PBXFrameworksBuildPhase;
			buildActionMask = 2147483647;
			files = (
				8412728BE3ED1FD3DCCDB798 /* libPods-ReactiveObjCStudy.a in Frameworks */,
			);
			runOnlyForDeploymentPostprocessing = 0;
		};
/* End PBXFrameworksBuildPhase section */

/* Begin PBXGroup section */
		2B91AFDE772393D0D93F92B4 /* Frameworks */ = {
			isa = PBXGroup;
			children = (
				583BE4F95CC7F3D913530713 /* libPods-ReactiveObjCStudy.a */,
			);
			name = Frameworks;
			sourceTree = "<group>";
		};
		3965BD46FF93BF65E5900D77 /* Pods */ = {
			isa = PBXGroup;
			children = (
				B5D2A299CF7FF99D2080B2B2 /* Pods-ReactiveObjCStudy.debug.xcconfig */,
				4ABF30515707DA20B13ACB0F /* Pods-ReactiveObjCStudy.release.xcconfig */,
			);
			name = Pods;
			path = Pods;
			sourceTree = "<group>";
		};
		8FCE968F2384274600802F2E = {
			isa = PBXGroup;
			children = (
				8FCE969A2384274600802F2E /* ReactiveObjCStudy */,
				8FCE96992384274600802F2E /* Products */,
				3965BD46FF93BF65E5900D77 /* Pods */,
				2B91AFDE772393D0D93F92B4 /* Frameworks */,
			);
			sourceTree = "<group>";
		};
		8FCE96992384274600802F2E /* Products */ = {
			isa = PBXGroup;
			children = (
				8FCE96982384274600802F2E /* ReactiveObjCStudy.app */,
			);
			name = Products;
			sourceTree = "<group>";
		};
		8FCE969A2384274600802F2E /* ReactiveObjCStudy */ = {
			isa = PBXGroup;
			children = (
				8FCE969B2384274600802F2E /* AppDelegate.h */,
				8FCE969C2384274600802F2E /* AppDelegate.m */,
				8FCE969E2384274600802F2E /* SceneDelegate.h */,
				8FCE969F2384274600802F2E /* SceneDelegate.m */,
				8FCE96A12384274600802F2E /* ViewController.h */,
				8FCE96A22384274600802F2E /* ViewController.m */,
				8FCE96A42384274700802F2E /* Main.storyboard */,
				8FCE96A72384276B00802F2E /* Assets.xcassets */,
				8FCE96A92384276B00802F2E /* LaunchScreen.storyboard */,
				8FCE96AC2384276B00802F2E /* Info.plist */,
				8FCE96AD2384276B00802F2E /* main.m */,
			);
			path = ReactiveObjCStudy;
			sourceTree = "<group>";
		};
/* End PBXGroup section */

/* Begin PBXNativeTarget section */
		8FCE96972384274600802F2E /* ReactiveObjCStudy */ = {
			isa = PBXNativeTarget;
			buildConfigurationList = 8FCE96B12384276B00802F2E /* Build configuration list for PBXNativeTarget "ReactiveObjCStudy" */;
			buildPhases = (
				D4DF0930AA074A9984BD0C00 /* [CP] Check Pods Manifest.lock */,
				8FCE96942384274600802F2E /* Sources */,
				8FCE96952384274600802F2E /* Frameworks */,
				8FCE96962384274600802F2E /* Resources */,
			);
			buildRules = (
			);
			dependencies = (
			);
			name = ReactiveObjCStudy;
			productName = ReactiveObjCStudy;
			productReference = 8FCE96982384274600802F2E /* ReactiveObjCStudy.app */;
			productType = "com.apple.product-type.application";
		};
/* End PBXNativeTarget section */

/* Begin PBXProject section */
		8FCE96902384274600802F2E /* Project object */ = {
			isa = PBXProject;
			attributes = {
				LastUpgradeCheck = 1120;
				ORGANIZATIONNAME = "Gabriel Fire Panda";
				TargetAttributes = {
					8FCE96972384274600802F2E = {
						CreatedOnToolsVersion = 11.2.1;
					};
				};
			};
			buildConfigurationList = 8FCE96932384274600802F2E /* Build configuration list for PBXProject "ReactiveObjCStudy" */;
			compatibilityVersion = "Xcode 9.3";
			developmentRegion = en;
			hasScannedForEncodings = 0;
			knownRegions = (
				en,
				Base,
			);
			mainGroup = 8FCE968F2384274600802F2E;
			productRefGroup = 8FCE96992384274600802F2E /* Products */;
			projectDirPath = "";
			projectRoot = "";
			targets = (
				8FCE96972384274600802F2E /* ReactiveObjCStudy */,
			);
		};
/* End PBXProject section */

/* Begin PBXResourcesBuildPhase section */
		8FCE96962384274600802F2E /* Resources */ = {
			isa = PBXResourcesBuildPhase;
			buildActionMask = 2147483647;
			files = (
				8FCE96AB2384276B00802F2E /* LaunchScreen.storyboard in Resources */,
				8FCE96A82384276B00802F2E /* Assets.xcassets in Resources */,
				8FCE96A62384274700802F2E /* Main.storyboard in Resources */,
			);
			runOnlyForDeploymentPostprocessing = 0;
		};
/* End PBXResourcesBuildPhase section */

/* Begin PBXShellScriptBuildPhase section */
		D4DF0930AA074A9984BD0C00 /* [CP] Check Pods Manifest.lock */ = {
			isa = PBXShellScriptBuildPhase;
			buildActionMask = 2147483647;
			files = (
			);
			inputFileListPaths = (
			);
			inputPaths = (
				"${PODS_PODFILE_DIR_PATH}/Podfile.lock",
				"${PODS_ROOT}/Manifest.lock",
			);
			name = "[CP] Check Pods Manifest.lock";
			outputFileListPaths = (
			);
			outputPaths = (
				"$(DERIVED_FILE_DIR)/Pods-ReactiveObjCStudy-checkManifestLockResult.txt",
			);
			runOnlyForDeploymentPostprocessing = 0;
			shellPath = /bin/sh;
			shellScript = "diff \"${PODS_PODFILE_DIR_PATH}/Podfile.lock\" \"${PODS_ROOT}/Manifest.lock\" > /dev/null\nif [ $? != 0 ] ; then\n    # print error to STDERR\n    echo \"error: The sandbox is not in sync with the Podfile.lock. Run 'pod install' or update your CocoaPods installation.\" >&2\n    exit 1\nfi\n# This output is used by Xcode 'outputs' to avoid re-running this script phase.\necho \"SUCCESS\" > \"${SCRIPT_OUTPUT_FILE_0}\"\n";
			showEnvVarsInLog = 0;
		};
/* End PBXShellScriptBuildPhase section */

/* Begin PBXSourcesBuildPhase section */
		8FCE96942384274600802F2E /* Sources */ = {
			isa = PBXSourcesBuildPhase;
			buildActionMask = 2147483647;
			files = (
				8FCE96A32384274600802F2E /* ViewController.m in Sources */,
				8FCE969D2384274600802F2E /* AppDelegate.m in Sources */,
				8FCE96AE2384276B00802F2E /* main.m in Sources */,
				8FCE96A02384274600802F2E /* SceneDelegate.m in Sources */,
			);
			runOnlyForDeploymentPostprocessing = 0;
		};
/* End PBXSourcesBuildPhase section */

/* Begin PBXVariantGroup section */
		8FCE96A42384274700802F2E /* Main.storyboard */ = {
			isa = PBXVariantGroup;
			children = (
				8FCE96A52384274700802F2E /* Base */,
			);
			name = Main.storyboard;
			sourceTree = "<group>";
		};
		8FCE96A92384276B00802F2E /* LaunchScreen.storyboard */ = {
			isa = PBXVariantGroup;
			children = (
				8FCE96AA2384276B00802F2E /* Base */,
			);
			name = LaunchScreen.storyboard;
			sourceTree = "<group>";
		};
/* End PBXVariantGroup section */

/* Begin XCBuildConfiguration section */
		8FCE96AF2384276B00802F2E /* Debug */ = {
			isa = XCBuildConfiguration;
			buildSettings = {
				ALWAYS_SEARCH_USER_PATHS = NO;
				CLANG_ANALYZER_NONNULL = YES;
				CLANG_ANALYZER_NUMBER_OBJECT_CONVERSION = YES_AGGRESSIVE;
				CLANG_CXX_LANGUAGE_STANDARD = "gnu++14";
				CLANG_CXX_LIBRARY = "libc++";
				CLANG_ENABLE_MODULES = YES;
				CLANG_ENABLE_OBJC_ARC = YES;
				CLANG_ENABLE_OBJC_WEAK = YES;
				CLANG_WARN_BLOCK_CAPTURE_AUTORELEASING = YES;
				CLANG_WARN_BOOL_CONVERSION = YES;
				CLANG_WARN_COMMA = YES;
				CLANG_WARN_CONSTANT_CONVERSION = YES;
				CLANG_WARN_DEPRECATED_OBJC_IMPLEMENTATIONS = YES;
				CLANG_WARN_DIRECT_OBJC_ISA_USAGE = YES_ERROR;
				CLANG_WARN_DOCUMENTATION_COMMENTS = YES;
				CLANG_WARN_EMPTY_BODY = YES;
				CLANG_WARN_ENUM_CONVERSION = YES;
				CLANG_WARN_INFINITE_RECURSION = YES;
				CLANG_WARN_INT_CONVERSION = YES;
				CLANG_WARN_NON_LITERAL_NULL_CONVERSION = YES;
				CLANG_WARN_OBJC_IMPLICIT_RETAIN_SELF = YES;
				CLANG_WARN_OBJC_LITERAL_CONVERSION = YES;
				CLANG_WARN_OBJC_ROOT_CLASS = YES_ERROR;
				CLANG_WARN_RANGE_LOOP_ANALYSIS = YES;
				CLANG_WARN_STRICT_PROTOTYPES = YES;
				CLANG_WARN_SUSPICIOUS_MOVE = YES;
				CLANG_WARN_UNGUARDED_AVAILABILITY = YES_AGGRESSIVE;
				CLANG_WARN_UNREACHABLE_CODE = YES;
				CLANG_WARN__DUPLICATE_METHOD_MATCH = YES;
				COPY_PHASE_STRIP = NO;
				DEBUG_INFORMATION_FORMAT = dwarf;
				ENABLE_STRICT_OBJC_MSGSEND = YES;
				ENABLE_TESTABILITY = YES;
				GCC_C_LANGUAGE_STANDARD = gnu11;
				GCC_DYNAMIC_NO_PIC = NO;
				GCC_NO_COMMON_BLOCKS = YES;
				GCC_OPTIMIZATION_LEVEL = 0;
				GCC_PREPROCESSOR_DEFINITIONS = (
					"DEBUG=1",
					"$(inherited)",
				);
				GCC_WARN_64_TO_32_BIT_CONVERSION = YES;
				GCC_WARN_ABOUT_RETURN_TYPE = YES_ERROR;
				GCC_WARN_UNDECLARED_SELECTOR = YES;
				GCC_WARN_UNINITIALIZED_AUTOS = YES_AGGRESSIVE;
				GCC_WARN_UNUSED_FUNCTION = YES;
				GCC_WARN_UNUSED_VARIABLE = YES;
				IPHONEOS_DEPLOYMENT_TARGET = 13.2;
				MTL_ENABLE_DEBUG_INFO = INCLUDE_SOURCE;
				MTL_FAST_MATH = YES;
				ONLY_ACTIVE_ARCH = YES;
				SDKROOT = iphoneos;
			};
			name = Debug;
		};
		8FCE96B02384276B00802F2E /* Release */ = {
			isa = XCBuildConfiguration;
			buildSettings = {
				ALWAYS_SEARCH_USER_PATHS = NO;
				CLANG_ANALYZER_NONNULL = YES;
				CLANG_ANALYZER_NUMBER_OBJECT_CONVERSION = YES_AGGRESSIVE;
				CLANG_CXX_LANGUAGE_STANDARD = "gnu++14";
				CLANG_CXX_LIBRARY = "libc++";
				CLANG_ENABLE_MODULES = YES;
				CLANG_ENABLE_OBJC_ARC = YES;
				CLANG_ENABLE_OBJC_WEAK = YES;
				CLANG_WARN_BLOCK_CAPTURE_AUTORELEASING = YES;
				CLANG_WARN_BOOL_CONVERSION = YES;
				CLANG_WARN_COMMA = YES;
				CLANG_WARN_CONSTANT_CONVERSION = YES;
				CLANG_WARN_DEPRECATED_OBJC_IMPLEMENTATIONS = YES;
				CLANG_WARN_DIRECT_OBJC_ISA_USAGE = YES_ERROR;
				CLANG_WARN_DOCUMENTATION_COMMENTS = YES;
				CLANG_WARN_EMPTY_BODY = YES;
				CLANG_WARN_ENUM_CONVERSION = YES;
				CLANG_WARN_INFINITE_RECURSION = YES;
				CLANG_WARN_INT_CONVERSION = YES;
				CLANG_WARN_NON_LITERAL_NULL_CONVERSION = YES;
				CLANG_WARN_OBJC_IMPLICIT_RETAIN_SELF = YES;
				CLANG_WARN_OBJC_LITERAL_CONVERSION = YES;
				CLANG_WARN_OBJC_ROOT_CLASS = YES_ERROR;
				CLANG_WARN_RANGE_LOOP_ANALYSIS = YES;
				CLANG_WARN_STRICT_PROTOTYPES = YES;
				CLANG_WARN_SUSPICIOUS_MOVE = YES;
				CLANG_WARN_UNGUARDED_AVAILABILITY = YES_AGGRESSIVE;
				CLANG_WARN_UNREACHABLE_CODE = YES;
				CLANG_WARN__DUPLICATE_METHOD_MATCH = YES;
				COPY_PHASE_STRIP = NO;
				DEBUG_INFORMATION_FORMAT = "dwarf-with-dsym";
				ENABLE_NS_ASSERTIONS = NO;
				ENABLE_STRICT_OBJC_MSGSEND = YES;
				GCC_C_LANGUAGE_STANDARD = gnu11;
				GCC_NO_COMMON_BLOCKS = YES;
				GCC_WARN_64_TO_32_BIT_CONVERSION = YES;
				GCC_WARN_ABOUT_RETURN_TYPE = YES_ERROR;
				GCC_WARN_UNDECLARED_SELECTOR = YES;
				GCC_WARN_UNINITIALIZED_AUTOS = YES_AGGRESSIVE;
				GCC_WARN_UNUSED_FUNCTION = YES;
				GCC_WARN_UNUSED_VARIABLE = YES;
				IPHONEOS_DEPLOYMENT_TARGET = 13.2;
				MTL_ENABLE_DEBUG_INFO = NO;
				MTL_FAST_MATH = YES;
				SDKROOT = iphoneos;
				VALIDATE_PRODUCT = YES;
			};
			name = Release;
		};
		8FCE96B22384276B00802F2E /* Debug */ = {
			isa = XCBuildConfiguration;
			baseConfigurationReference = B5D2A299CF7FF99D2080B2B2 /* Pods-ReactiveObjCStudy.debug.xcconfig */;
			buildSettings = {
				ASSETCATALOG_COMPILER_APPICON_NAME = AppIcon;
				CODE_SIGN_STYLE = Automatic;
				DEVELOPMENT_TEAM = S9HRLGS74P;
				INFOPLIST_FILE = ReactiveObjCStudy/Info.plist;
				LD_RUNPATH_SEARCH_PATHS = (
					"$(inherited)",
					"@executable_path/Frameworks",
				);
				PRODUCT_BUNDLE_IDENTIFIER = gabriel.ReactiveObjCStudy;
				PRODUCT_NAME = "$(TARGET_NAME)";
				TARGETED_DEVICE_FAMILY = "1,2";
			};
			name = Debug;
		};
		8FCE96B32384276B00802F2E /* Release */ = {
			isa = XCBuildConfiguration;
			baseConfigurationReference = 4ABF30515707DA20B13ACB0F /* Pods-ReactiveObjCStudy.release.xcconfig */;
			buildSettings = {
				ASSETCATALOG_COMPILER_APPICON_NAME = AppIcon;
				CODE_SIGN_STYLE = Automatic;
				DEVELOPMENT_TEAM = S9HRLGS74P;
				INFOPLIST_FILE = ReactiveObjCStudy/Info.plist;
				LD_RUNPATH_SEARCH_PATHS = (
					"$(inherited)",
					"@executable_path/Frameworks",
				);
				PRODUCT_BUNDLE_IDENTIFIER = gabriel.ReactiveObjCStudy;
				PRODUCT_NAME = "$(TARGET_NAME)";
				TARGETED_DEVICE_FAMILY = "1,2";
			};
			name = Release;
		};
/* End XCBuildConfiguration section */

/* Begin XCConfigurationList section */
		8FCE96932384274600802F2E /* Build configuration list for PBXProject "ReactiveObjCStudy" */ = {
			isa = XCConfigurationList;
			buildConfigurations = (
				8FCE96AF2384276B00802F2E /* Debug */,
				8FCE96B02384276B00802F2E /* Release */,
			);
			defaultConfigurationIsVisible = 0;
			defaultConfigurationName = Release;
		};
		8FCE96B12384276B00802F2E /* Build configuration list for PBXNativeTarget "ReactiveObjCStudy" */ = {
			isa = XCConfigurationList;
			buildConfigurations = (
				8FCE96B22384276B00802F2E /* Debug */,
				8FCE96B32384276B00802F2E /* Release */,
			);
			defaultConfigurationIsVisible = 0;
			defaultConfigurationName = Release;
		};
/* End XCConfigurationList section */
	};
	rootObject = 8FCE96902384274600802F2E /* Project object */;
}
